name: Temporary final blocker convergence

on:
  push:
    branches:
      - codex/tmp-generate-cargo-lock-20260902
  workflow_dispatch:

permissions:
  contents: write

jobs:
  converge:
    runs-on: ubuntu-24.04
    timeout-minutes: 60
    steps:
      - name: Check out convergence carrier
        uses: actions/checkout@de0fac2e4500dabe0009e67214ff5f5447ce83dd
        with:
          fetch-depth: 0
          persist-credentials: true

      - name: Install repository-pinned uv
        uses: astral-sh/setup-uv@08807647e7069bb48b6ef5acd8ec9567f424441b
        with:
          version: 0.11.3

      - name: Install exact repository Rust toolchain
        uses: dtolnay/rust-toolchain@e081816240890017053eacbb1bdf337761dc5582
        with:
          toolchain: 1.95.0

      - name: Check out exact pull-request source
        shell: bash
        env:
          SOURCE_SHA: 5a8d22b2d38a8777756212554984b0aec6ebde42
          TARGET_BRANCH: codex/hepta-v8-final-gap-closure-20260902
        run: |
          set -euo pipefail
          git cat-file -e "$SOURCE_SHA^{commit}"
          test "$(git rev-parse "refs/remotes/origin/$TARGET_BRANCH")" = "$SOURCE_SHA"
          git checkout --detach "$SOURCE_SHA"
          test "$(git rev-parse HEAD)" = "$SOURCE_SHA"

      - name: Prepare exact Bazel toolchain
        uses: ./.github/actions/prepare-bazel-ci
        with:
          target: x86_64-unknown-linux-gnu
          cache-scope: final-blocker-convergence

      - name: Apply deterministic source patch and regenerate Bazel lock
        shell: bash
        run: |
          set -euo pipefail
          cat <<'PATCH_B64' | base64 --decode | git apply --check
          ZGlmZiAtLWdpdCBhLy5naXRodWIvd29ya2Zsb3dzL2JhemVsLnltbCBiLy5naXRodWIvd29ya2Zsb3dzL2JhemVsLnltbAppbmRleCA1NjgwODZhLi42M2IyODEzIDEwMDY0NAotLS0gYS8uZ2l0aHViL3dvcmtmbG93cy9iYXplbC55bWwKKysrIGIvLmdpdGh1Yi93b3JrZmxvd3MvYmF6ZWwueW1sCkBAIC0yMCwxNSArMjAsMTUgQEAgam9iczoKICAgICAjIENvZGUtbW9kZSB1bml0IHRlc3RzIHJ1biBvbiBldmVyeSBCYXplbCB0YXJnZXQuIFdoZW4gYXV0aGVudGljYXRlZCBSQkUKICAgICAjIGlzIGF2YWlsYWJsZSwgdGhlIFdpbmRvd3MtY3Jvc3Mgc2hhcmRzIGV4ZXJjaXNlIHRoZSBzb3VyY2UtYnVpbHQgVjggcGF0aC4KLSAgICB0aW1lb3V0LW1pbnV0ZXM6IDMwCisgICAgdGltZW91dC1taW51dGVzOiA2MAogICAgIHN0cmF0ZWd5OgogICAgICAgZmFpbC1mYXN0OiBmYWxzZQogICAgICAgbWF0cml4OgogICAgICAgICBpbmNsdWRlOgogICAgICAgICAgICMgbWFjT1MKLSAgICAgICAgICAtIG9zOiBtYWNvcy0xNS14bGFyZ2UKKyAgICAgICAgICAtIG9zOiBtYWNvcy0xNQogICAgICAgICAgICAgdGFyZ2V0OiBhYXJjaDY0LWFwcGxlLWRhcndpbgotICAgICAgICAgIC0gb3M6IG1hY29zLTE1LXhsYXJnZQorICAgICAgICAgIC0gb3M6IG1hY29zLTE1LWludGVsCiAgICAgICAgICAgICB0YXJnZXQ6IHg4Nl82NC1hcHBsZS1kYXJ3aW4KIAogICAgICAgICAgICMgc2ludXgKQEAgLTEzMCw3ICsxMzAsNyBAQCBqb2JzOgogICAgICMgU3BsaXQgdGhlIFdpbmRvd3MgQmF6ZWwgdGVzdCBsZWcgYWNyb3NzIHNlcGFyYXRlIFdpbmRvd3MgaG9zdHMuIEpvYnMgd2l0aAogICAgICMgQnVpbGRCdWRkeSBjcmVkZW50aWFscyB1c2UgTGludXggUkJGIGZvciBidWlsZCBhY3Rpb25zOyB0ZXN0IGV4ZWN1dGlvbgogICAgICMgcmVtYWlucyBvbiBhIFdpbmRvd3MgcnVubmVyLgogLSAgICB0aW1lb3V0LW1pbnV0ZXM6IDMwCisgICAgdGltZW91dC1taW51dGVzOiA2MAogICAgIHN0cmF0ZWd5OgogICAgICAgZmFpbC1mYXN0OiBmYWxzZQogICAgICAgbWF0cml4OgpAQCAtMTM5LDkgKzEzOSw3IEBAIGpvYnM6CiAgICAgICAgICAgIC0gMgogICAgICAgICAgICAtIDMKICAgICAgICAgICAtIDQKLSAgICBydW5zLW9uOgotICAgICAgZ3JvdXA6ICR7eyBnaXRodWIuZXZlbnQucmVwb3NpdG9yeS5uYW1lIH19LXJ1bm5lcnMKLSAgICAgIGxhYmVsczogJHt7IGdpdGh1Yi5ldmVudC5yZXBvc2l0b3J5Lm5hbWUgfX0td2luZG93cy14NjQKKyAgICBydW5zLW9uOiB3aW5kb3dzLWxhdGVzdAogICAgIG5hbWU6IEJhemVsIHRlc3Qgb24gd2luZG93cy1sYXRlc3QgZm9yIHg4Nl82NC1wYy13aW5kb3dzLWdudWxsdm0gc2hhcmQgJHt7IG1hdHJpeC5zaGFyZCB9fS80CiAgICAgZW52aXJvbm1lbnQ6CiAgICAgICBuYW1lOiBiYXplbApAQCAtMjU2LDkgKzI1NCw3IEBAIGpvYnM6CiAgICAgIyBpdCBhIGxhcmdlciB0aW1lb3V0LgogICAgIGlmOiBnaXRodWIuZXZlbnRfbmFtZSA9PSAncHVzaCcgJiYgZ2l0aHViLnJlZiA9PSAncmVmcy9oZWFkcy9tYWluJwogICAgIHRpbWVvdXQtbWludXRlczogNDAKLSAgICBydW5zLW9uOgotICAgICAgZ3JvdXA6ICR7eyBnaXRodWIuZXZlbnQucmVwb3NpdG9yeS5uYW1lIH19LXJ1bm5lcnMKLSAgICAgIGxhYmVsczogJHt7IGdpdGh1Yi5ldmVudC5yZXBvc2l0b3J5Lm5hbWUgfX0td2luZG93cy14NjQKKyAgICBydW5zLW9uOiB3aW5kb3dzLWxhdGVzdAogICAgIG5hbWU6IEJhemVsIHRlc3Qgb24gd2luZG93cy1sYXRlc3QgZm9yIHg4Nl82NC1wYy13aW5kb3dzLW1zdmMgKG5hdGl2ZSBtYWluKQogICAgIGVudmlyb25tZW50OgogICAgICAgbmFtZTogYmF6ZWwKQEAgLTMzMSw3ICszMjcsNyBAQCBqb2JzOgogICAgICAgICAgdXNlczogLi8uZ2l0aHViL2FjdGlvbnMvY2hlY2stY2xlYW4td29ya3RyZWUKIAogIGNsaXBweToKLSAgICB0aW1lb3V0LW1pbnV0ZXM6IDMwCisgICAgdGltZW91dC1taW51dGVzOiA2MAogICAgIHN0cmF0ZWd5OgogICAgICAgZmFpbC1mYXN0OiBmYWxzZQogICAgICAgbWF0cml4OgpAQCAtMzQzLDEzICszMzksMTAgQEAgam9iczoKICAgICAgICAgICMgdGhhdCB0aGUgQmF6ZWwgdGVzdCBqb2IgdXNlcy4KICAgICAgICAgIC0gb3M6IHVidW50dS0yNC4wNAogICAgICAgICAgICAgdGFyZ2V0OiB4ODZfNjQtdW5rbm93bi1saW51eC1nbnUKLSAgICAgICAgICAtIG9zOiBtYWNvcy0xNS14bGFyZ2UKKyAgICAgICAgICAtIG9zOiBtYWNvcy0xNQogICAgICAgICAgICAgdGFyZ2V0OiBhYXJjaDY0LWFwcGxlLWRhcndpbgogICAgICAgICAgIC0gb3M6IHdpbmRvd3MtbGF0ZXN0CiAgICAgICAgICAgICB0YXJnZXQ6IHg4Nl82NC1wYy13aW5kb3dzLWdudWxsdm0KLSAgICAgICAgICAgIHJ1bnNfb246Ci0gICAgICAgICAgICAgIGdyb3VwOiAke3sgZ2l0aHViLmV2ZW50LnJlcG9zaXRvcnkubmFtZSB9fS1ydW5uZXJzCi0gICAgICAgICAgICAgIGxhYmVsczogJHt7IGdpdGh1Yi5ldmVudC5yZXBvc2l0b3J5Lm5hbWUgfX0td2luZG93cy14NjQKICAgICBydW5zLW9uOiAke3sgbWF0cml4LnJ1bnNfb24gfHwgbWF0cml4Lm9zIH19CiAgICAgbmFtZTogQmF6ZWwgY2xpcHB5IG9uICR7eyBtYXRyaXgub3MgfX0gZm9yICR7eyBtYXRyaXgudGFyZ2V0IH19CiAgICAgZW52aXJvbm1lbnQ6CkBAIC00MzEsNyArNDI0LDcgQEAgam9iczoKICAgICAgICAgIHVzZXM6IC4vLmdpdGh1Yi9hY3Rpb25zL2NoZWNrLWNsZWFuLXdvcmt0cmVlCiAKICB2ZXJpZnktcmVsZWFzZS1idWlsZDoKLSAgICB0aW1lb3V0LW1pbnV0ZXM6IDMwCisgICAgdGltZW91dC1taW51dGVzOiA2MAogICAgIHN0cmF0ZWd5OgogICAgICAgZmFpbC1mYXN0OiBmYWxzZQogICAgICAgbWF0cml4OgpAQCAtNDQwLDEzICs0MzMsMTAgQEAgam9iczoKICAgICAgICAgIC0gb3M6IHVidW50dS0yNC4wNAogICAgICAgICAgICAgdGFyZ2V0OiB4ODZfNjQtdW5rbm93bi1saW51eC1nbnUKLSAgICAgICAgICAtIG9zOiBtYWNvcy0xNS14bGFyZ2UKKyAgICAgICAgICAtIG9zOiBtYWNvcy0xNQogICAgICAgICAgICAgdGFyZ2V0OiBhYXJjaDY0LWFwcGxlLWRhcndpbgogICAgICAgICAgIC0gb3M6IHdpbmRvd3MtbGF0ZXN0CiAgICAgICAgICAgICB0YXJnZXQ6IHg4Nl82NC1wYy13aW5kb3dzLWdudWxsdm0KLSAgICAgICAgICAgIHJ1bnNfb246Ci0gICAgICAgICAgICAgIGdyb3VwOiAke3sgZ2l0aHViLmV2ZW50LnJlcG9zaXRvcnkubmFtZSB9fS1ydW5uZXJzCi0gICAgICAgICAgICAgIGxhYmVsczogJHt7IGdpdGh1Yi5ldmVudC5yZXBvc2l0b3J5Lm5hbWUgfX0td2luZG93cy14NjQKICAgICBydW5zLW9uOiAke3sgbWF0cml4LnJ1bnNfb24gfHwgbWF0cml4Lm9zIH19CiAgICAgbmFtZTogVmVyaWZ5IHJlbGVhc2UgYnVpbGQgb24gJHt7IG1hdHJpeC5vcyB9fSBmb3IgJHt7IG1hdHJpeC50YXJnZXQgfX0KICAgICBlbnZpcm9ubWVudDoKZGlmZiAtLWdpdCBhLy5naXRodWIvd29ya2Zsb3dzL3J1c3QtY2kueW1sIGIvLmdpdGh1Yi93b3JrZmxvd3MvcnVzdC1jaS55bWwKaW5kZXggMzcwMmJlYy4uMjhhYjQ0MiAxMDA2NDQKLS0tIGEvLmdpdGh1Yi93b3JrZmxvd3MvcnVzdC1jaS55bWwKKysrIGIvLmdpdGh1Yi93b3JrZmxvd3MvcnVzdC1jaS55bWwKQEAgLTE3NywxNCArMTc3LDExIEBAIGpvYnM6CiAgICAgICAgICAgICAgcnVubmVyOiB1YnVudHUtMjQuMDQKICAgICAgICAgICAgIHRpbWVvdXRfbWludXRlczogMzAKICAgICAgICAgICAtIG5hbWU6IG1hY09TCi0gICAgICAgICAgICBydW5uZXI6IG1hY29zLTE1LXhsYXJnZQorICAgICAgICAgICAgcnVubmVyOiBtYWNvcy0xNQogICAgICAgICAgICAgdGltZW91dF9taW51dGVzOiAzMAogICAgICAgICAgIC0gbmFtZTogV2luZG93cwotICAgICAgICAgICAgcnVubmVyOiB3aW5kb3dzLXg2NAotICAgICAgICAgICAgdGltZW91dF9taW51dGVzOiAzMAotICAgICAgICAgICAgcnVuc19vbjoKLSAgICAgICAgICAgICAgZ3JvdXA6ICR7eyBnaXRodWIuZXZlbnQucmVwb3NpdG9yeS5uYW1lIH19LXJ1bm5lcnMKLSAgICAgICAgICAgICAgbGFiZWxzOiAke3sgZ2l0aHViLmV2ZW50LnJlcG9zaXRvcnkubmFtZSB9fS13aW5kb3dzLXg2NAorICAgICAgICAgICAgcnVubmVyOiB3aW5kb3dzLWxhdGVzdAorICAgICAgICAgICAgdGltZW91dF9taW51dGVzOiA0NQogICAgIHN0ZXBzOgogICAgICAgLSBuYW1lOiBDaGVjayB3aGV0aGVyIGFyZ3VtZW50IGNvbW1lbnQgbGludCBzaG91bGQgcnVuCiAgICAgICAgIGlkOiBhcmd1bWVudF9jb21tZW50X2xpbnRfZ2F0ZQpkaWZmIC0tZ2l0IGEvLmdpdGh1Yi93b3JrZmxvd3Mvc2RrLnltbCBiLy5naXRodWIvd29ya2Zsb3dzL3Nkay55bWwKaW5kZXggZjJlOGZjNy4uMzIyMDVmMCAxMDA2NDQKLS0tIGEvLmdpdGh1Yi93b3JrZmxvd3Mvc2RrLnltbAorKysgYi8uZ2l0aHViL3dvcmtmbG93cy9zZGsueW1sCkBAIC01LDEwICs1LDggQEAgb246CiAKIGpvYnM6CiAgIHB5dGhvbi1zZGs6Ci0gICAgcnVucy1vbjoKLSAgICAgIGdyb3VwOiAke3sgZ2l0aHViLmV2ZW50LnJlcG9zaXRvcnkubmFtZSB9fS1ydW5uZXJzCi0gICAgICBsYWJlbHM6ICR7eyBnaXRodWIuZXZlbnQucmVwb3NpdG9yeS5uYW1lIH19LWxpbnV4LXg2NAotICAgIHRpbWVvdXQtbWludXRlczogMTAKKyAgICBydW5zLW9uOiB1YnVudHUtMjQuMDQKKyAgICB0aW1lb3V0LW1pbnV0ZXM6IDIwCiAgICAgc3RlcHM6CiAgICAgICAtIG5hbWU6IENoZWNrb3V0IHJlcG9zaXRvcnkKICAgICAgICAgdXNlczogYWN0aW9ucy9jaGVja291dEBkZTBmYWMyZTQ1MDBkYWJlMDAwOWU2NzIxNGZmNWY1NDQ3Y2U4M2RkICMgdjYuMC4yCkBAIC00MywxMCArNDEsOCBAQCBqb2JzOgogICAgICAgICB1c2VzOiAuLy5naXRodWIvYWN0aW9ucy9jaGVjay1jbGVhbi13b3JrdHJlZQogCiAgIHNka3M6Ci0gICAgcnVucy1vbjoKLSAgICAgIGdyb3VwOiAke3sgZ2l0aHViLmV2ZW50LnJlcG9zaXRvcnkubmFtZSB9fS1ydW5uZXJzCi0gICAgICBsYWJlbHM6ICR7eyBnaXRodWIuZXZlbnQucmVwb3NpdG9yeS5uYW1lIH19LWxpbnV4LXg2NAotICAgIHRpbWVvdXQtbWludXRlczogMTAKKyAgICBydW5zLW9uOiB1YnVudHUtMjQuMDQKKyAgICB0aW1lb3V0LW1pbnV0ZXM6IDQ1CiAgICAgZW52aXJvbm1lbnQ6CiAgICAgICBuYW1lOiBiYXplbAogICAgICAgZGVwbG95bWVudDogZmFsc2UKZGlmZiAtLWdpdCBhLy5naXRodWIvd29ya2Zsb3dzL3Y4LWNhbmFyeS55bWwgYi8uZ2l0aHViL3dvcmtmbG93cy92OC1jYW5hcnkueW1sCmluZGV4IDI5Y2I3MmUuLjBkZDkwOWEgMTAwNjQ0Ci0tLSBhLy5naXRodWIvd29ya2Zsb3dzL3Y4LWNhbmFyeS55bWwKKysrIGIvLmdpdGh1Yi93b3JrZmxvd3MvdjgtY2FuYXJ5LnltbApAQCAtMTEzLDI4ICsxMTMsMjggQEAgam9iczoKICAgICAgICAgICAgIHRhcmdldDogYWFyY2g2NC11bmtub3duLWxpbnV4LWdudQogICAgICAgICAgICAgdjhfY3B1OiBhcm02NAogICAgICAgICAgICAgdmFyaWFudDogcHRyY29tcC1zYW5kYm94Ci0gICAgICAgICAgLSBydW5uZXI6IG1hY29zLTE1LXhsYXJnZQorICAgICAgICAgIC0gcnVubmVyOiBtYWNvcy0xNS1pbnRlbAogICAgICAgICAgICAgYmF6ZWxfY29uZmlnOiBjaS1tYWNvcwogICAgICAgICAgICAgcGxhdGZvcm06IG1hY29zX2FtZDY0CiAgICAgICAgICAgICBzYW5kYm94OiBmYWxzZQogICAgICAgICAgICAgdGFyZ2V0OiB4ODZfNjQtYXBwbGUtZGFyd2luCiAgICAgICAgICAgICB2OF9jcHU6IHg2NAogICAgICAgICAgICAgdmFyaWFudDogcmVsZWFzZQotICAgICAgICAgIC0gcnVubmVyOiBtYWNvcy0xNS14bGFyZ2UKKyAgICAgICAgICAtIHJ1bm5lcjogbWFjb3MtMTUtaW50ZWwKICAgICAgICAgICAgIGJhemVsX2NvbmZpZzogY2ktbWFjb3MKICAgICAgICAgICAgIHBsYXRmb3JtOiBtYWNvc19hbWQ2NAogICAgICAgICAgICAgc2FuZGJveDogdHJ1ZQogICAgICAgICAgICAgdGFyZ2V0OiB4ODZfNjQtYXBwbGUtZGFyd2luCiAgICAgICAgICAgICB2OF9jcHU6IHg2NAogICAgICAgICAgICAgdmFyaWFudDogcHRyY29tcC1zYW5kYm94Ci0gICAgICAgICAgLSBydW5uZXI6IG1hY29zLTE1LXhsYXJnZQorICAgICAgICAgIC0gcnVubmVyOiBtYWNvcy0xNQogICAgICAgICAgICAgYmF6ZWxfY29uZmlnOiBjaS1tYWNvcwogICAgICAgICAgICAgcGxhdGZvcm06IG1hY29zX2FybTY0CiAgICAgICAgICAgICBzYW5kYm94OiBmYWxzZQogICAgICAgICAgICAgdGFyZ2V0OiBhYXJjaDY0LWFwcGxlLWRhcndpbgogICAgICAgICAgICAgdjhfY3B1OiBhcm02NAogICAgICAgICAgICAgdmFyaWFudDogcmVsZWFzZQotICAgICAgICAgIC0gcnVubmVyOiBtYWNvcy0xNS14bGFyZ2UKKyAgICAgICAgICAtIHJ1bm5lcjogbWFjb3MtMTUKICAgICAgICAgICAgIGJhemVsX2NvbmZpZzogY2ktbWFjb3MKICAgICAgICAgICAgIHBsYXRmb3JtOiBtYWNvc19hcm02NAogICAgICAgICAgICAgc2FuZGJveDogdHJ1ZQpkaWZmIC0tZ2l0IGEvcXVhbGlmaWNhdGlvbi9obm1mLWFkdmVyc2FyaWFsLXJlZmVyZW5jZS9zcmMvcmVjYWxsLnJzIGIvcXVhbGlmaWNhdGlvbi9obm1mLWFkdmVyc2FyaWFsLXJlZmVyZW5jZS9zcmMvcmVjYWxsLnJzCmluZGV4IDBkNzIyNDQuLjZlNDlhNDQgMTAwNjQ0Ci0tLSBhL3F1YWxpZmljYXRpb24vaG5tZi1hZHZlcnNhcmlhbC1yZWZlcmVuY2Uvc3JjL3JlY2FsbC5ycworKysgYi9xdWFsaWZpY2F0aW9uL2hubWYtYWR2ZXJzYXJpYWwtcmVmZXJlbmNlL3NyYy9yZWNhbGwucnMKQEAgLTI4LDExICsyOCwxMyBAQCBpbXBsIEhhcmRlbmVkRmFicmljIHsKICAgICAgICAgICAgICAgICBsZXQgc2NvcmUgPSAoc2VtYW50aWMgYXMgaTY0KQogICAgICAgICAgICAgICAgICAgICAuY2hlY2tlZF9tdWwoMV8wMDBfMDAwKT8KICAgICAgICAgICAgICAgICAgICAgLmNoZWNrZWRfYWRkKChtb2RhbGl0eSBhcyBpNjQpLmNoZWNrZWRfbXVsKDI1MF8wMDApPyk/Ci0gICAgICAgICAgICAgICAgICAgIC5jaGVja2VkX2FkZChpZiBzZW1hbnRpYyA+IDAgJiYgbW9kYWxpdHkgPT0gMCB7IDUwMF8wMDAgfSBlbHNlIHsgMCB9KT8KKyAgICAgICAgICAgICAgICAgICAgLmNoZWNrZWRfYWRkKGlmIHNlbWFudGljID4gMCAmJiBtb2RhbGl0eSA9PSAwIHsKKyAgICAgICAgICAgICAgICAgICAgICAgIDUwMF8wMDAKKyAgICAgICAgICAgICAgICAgICAgfSBlbHNlIHsKKyAgICAgICAgICAgICAgICAgICAgICAgIDAKKyAgICAgICAgICAgICAgICAgICAgfSk/CiAgICAgICAgICAgICAgICAgICAgIC5jaGVja2VkX2FkZChpZiBzZWVkZWQgeyAyXzAwMF8wMDAgfSBlbHNlIHsgMCB9KT8KICAgICAgICAgICAgICAgICAgICAgLmNoZWNrZWRfYWRkKGk2NDo6ZnJvbShldmVudC51dGlsaXR5X3BwbSku bWF4KDApKT8KICAgICAgICAgICAgICAgICAgICAgLmNoZWNrZWRfc3ViKGk2NDo6ZnJvbShldmVudC5yaXNrX3BwbSkpPzsKICAgICAgICAgICAgICAgIFNvbWUoKGV2ZW50LmlkLCBzY29yZS5tYXgoMCkgYXMgdTY0KSkKICAgICAgICAgICAgfSkKICAgICAgICAgICAgLmNvbGxlY3Q6OjxWZWNfPj4oKTsKLSAgICAgICAgaW5pdGlhbC5zb3J0X2J5KHxsZWZ0LCByaWdodHwgewotICAgICAgICAgICAgcmlnaHQuMS5jbXAoJmxlZnQuMSkudGhlbl93aXRoKHx8IGxlZnQuMC5jbXAoJnJpZ2h0LjApKQotICAgICAgICB9KTsKKyAgICAgICAgaW5pdGlhbC5zb3J0X2J5KHxsZWZ0LCByaWdodHwg cmlnaHQuMS5jbXAoJmxlZnQuMSkudGhlbl93aXRoKHx8IGxlZnQuMC5jbXAoJnJpZ2h0LjApKSk7CiAgICAgICAgaW5pdGlhbC50cnVuY2F0ZShzZWxmLmhhcmRlbmluZy5tYXhpbXVtX2NhbmRpZGF0ZV9ldmVudHMpOwogICAgICAgIGxldCBpbml0aWFsX2V2ZW50cyA9IGluaXRpYWwKICAgICAgICAgICAgLml0ZXIoCkBAIC0xMDgsOCArMTEwLDE2IEBAIGltcGwgSGFyZGVuZWRGYWJyaWMgewogICAgICAgICAgICAgICAgIC5va19vcihIYXJkZW5pbmdFcnJvcjo6TWlzc2luZygiY2FuZGlkYXRlIG5vZGUiKSk/OwogICAgICAgICAgICBsZXQgc2VtYW50aWMgPSBub2RlLmN1ZV9rZXlzLmludGVyc2VjdGlvbigmY3VlLnNlbWFudGljX2tleXMpLmNvdW50KCkgYXMgaTY0OwogICAgICAgICAgICBsZXQgbW9kYWxpdHkgPSBub2RlLm1vZGFsaXRpZXMuaW50ZXJzZWN0aW9uKCZjdWUubW9kYWxpdGllcykuY291bnQoKSBhcyBpNjQ7Ci0gICAgICAgICAgICBsZXQgc2VlZGVkID0gaWYgY3VlLnNlZWRfbm9kZXMuY29udGFpbnMobm9kZV9pZCkgeyAxX2k2NCB9IGVsc2UgeyAwX2k2NCB9OwotICAgICAgICAgICAgbGV0IGNyb3NzX21vZGFsID0gaWYgc2VtYW50aWMgPiAwICYmIG1vZGFsaXR5ID09IDAgeyAxX2k2NCB9IGVsc2UgeyAwX2k2NCB9OworICAgICAgICAgICAgbGV0IHNlZWRlZCA9IGlmIGN1ZS5zZWVkX25vZGVzLmNvbnRhaW5zKG5vZGVfaWQpIHsKKyAgICAgICAgICAgICAgICAxX2k2NAorICAgICAgICAgICAgfSBlbHNlIHsKKyAgICAgICAgICAgICAgICAwX2k2NAorICAgICAgICAgICAgfTsKKyAgICAgICAgICAgIGxldCBjcm9zc19tb2RhbCA9IGlmIHNlbWFudGljID4gMCAmJiBtb2RhbGl0eSA9PSAwIHsKKyAgICAgICAgICAgICAgICAxX2k2NAorICAgICAgICAgICAgfSBlbHNlIHsKKyAgICAgICAgICAgICAgICAwX2k2NAorICAgICAgICAgICAgfTsKICAgICAgICAgICAgIGxldCBkcml2ZSA9IHNlbWFudGljCiAgICAgICAgICAgICAgICAuY2hlY2tlZF9tdWwoMzAwXzAwMCkKICAgICAgICAgICAgICAgIC5hbmRfdGhlbih8dmFsdWV8IHZhbHVlLmNoZWNrZWRfYWRkKG1vZGFsaXR5ICogMTAwXzAwMCkpCkBAIC0xOTQsOSArMjA0LDkgQEAgIGltcGwgSGFyZGVuZWRGYWJyaWMgewogICAgICAgICAgICAgLmNvbGxlY3Q6OjxCVHJlZVNldDxfPj4oKTsKIAogICAgICAgICBsZXQgbXV0IHBhdGhfbWFwID0gQlRyZWVNYXA6Om5ldygpOwotICAgICAgICBmb3IgcGF0aCBpbiBsYXN0X3BhdGhzLmludG9faXRlcigpLmZpbHRlcih8cGF0aHwgewotICAgICAgICAgICAgYWN0aXZlX2lkcy5jb250YWlucygmcGF0aC5zb3VyY2UpICYmIGFjdGl2ZV9pZHMuY29udGFpbnMoJnBhdGgudGFyZ2V0KQotICAgICAgICB9KSB7CisgICAgICAgIGZvciBwYXRoIGluIGxhc3RfcGF0aHMKKyAgICAgICAgICAgIC5pbnRvX2l0ZXIoKQorICAgICAgICAgICAgLmZpbHRlcih8cGF0aHwgYWN0aXZlX2lkcy5jb250YWlucygmcGF0aC5zb3VyY2UpICYmIGFjdGl2ZV9pZHMuY29udGFpbnMoJnBhdGgudGFyZ2V0KSkKKyAgICAgICB7CiAgICAgICAgICAgICBsZXQga2V5ID0gKHBhdGguc291cmNlLCBwYXRoLnRhcmdldCwgcGF0aC5yZWxhdGlvbik7CiAgICAgICAgICAgICBwYXRoX21hcAogICAgICAgICAgICAgICAgLmVudHJ5KGtleSkKQEAgLTI2MSw5ICsyNzEsOCBAQCBpbXBsIEhhcmRlbmVkRmFicmljIHsKICAgICAgICAgICAgICB9CiAgICAgICAgIH0KICAgICAgICAgbGV0IG11dCBzZWxlY3RlZF9ldmVudHMgPSBldmVudF9zdHJlbmd0aC5pbnRvX2l0ZXIoKS5jb2xsZWN0Ojo8VmVjPF8+PigpOwotICAgICAgICBzZWxlY3RlZF9ldmVudHMuc29ydF9ieSh8bGVmdCwgcmlnaHR8IHsKLSAgICAgICAgICAgIHJpZ2h0LjEuY21wKCZsZWZ0LjEpLnRoZW5fd2l0aCh8fCBsZWZ0LjAuY21wKCZyaWdodC4wKSkKLSAgICAgICAgfSk7CisgICAgICAgIHNlbGVjdGVkX2V2ZW50cwArICAgICAgICAgICAgLnNvcnRfYnkofGxlZnQsIHJpZ2h0fCByaWdodC4xLmNtcCgmbGVmdC4xKS50aGVuX3dpdGgofHwgbGVmdC4wLmNtcCgmcmlnaHQuMCkpKTsKICAgICAgICAgc2VsZWN0ZWRfZXZlbnRzLnRydW5jYXRlKHNlbGYucnVudGltZS5tYXhpbXVtX3JlY2FsbF9ldmVudHMpOwogICAgICAgICBsZXQgc2VsZWN0ZWRfZXZlbnRzID0gc2VsZWN0ZWRfZXZlbnRzCiAgICAgICAgICAgIC5pbnRvX2l0ZXIoCkBAIC0zOTksOSArNDA4LDcgQEAgIGltcGwgSGFyZGVuZWRGYWJyaWMgewogICAgICAgICAgICAgICAgICAgICAgKG5vZGUucG9wdWxhdGlvbiA9PSBwb3B1bGF0aW9uICYmICp2YWx1ZSA+IDApLnRoZW5fc29tZSgoKm5vZGVfaWQsICp2YWx1ZSkpCiAgICAgICAgICAgICAgICAgIH0pCiAgICAgICAgICAgICAgICAgLmNvbGxlY3Q6OjxWZWNfPj4oKTsKLSAgICAgICAgICAgIGdyb3VwLnNvcnRfYnkofGxlZnQsIHJpZ2h0fCB7Ci0gICAgICAgICAgICAgICAgcmlnaHQuMS5jbXAoJmxlZnQuMSkudGhlbl93aXRoKHx8IGxlZnQuMC5jbXAoJnJpZ2h0LjApKQotICAgICAgICAgICAgfSk7CisgICAgICAgICAgICBncm91cC5zb3J0X2J5KHxsZWZ0LCByaWdodHwg cmlnaHQuMS5jbXAoJmxlZnQuMSkudGhlbl93aXRoKHx8IGxlZnQuMC5jbXAoJnJpZ2h0LjApKSk7CiAgICAgICAgICAgICBncm91cC50cnVuY2F0ZShzZWxmLnJ1bnRpbWUubWF4aW11bV9hY3RpdmVfcGVyX3BvcHVsYXRpb24pOwogICAgICAgICAgICAgZm9yIChyYW5rLCAobm9kZV9pZCwgdmFsdWUpKSBpbiBncm91cC5pbnRvX2l0ZXIoKS5lbnVtZXJhdGUoKSB7CiAgICAgICAgICAgICAgICAgbGV0IGluaGliaXRpb24gPSBpNjQ6OmZyb20oc2VsZi5ydW50aW1lLmxhdGVyYWxfaW5oaWJpdGlvbl9wcG0pCkBAIC00MTEsOSArNDE4LDcgQEAgIGltcGwgSGFyZGVuZWRGYWJyaWMgewogICAgICAgICAgICAgfQogICAgICAgICB9CiAgICAgICAgIGxldCBtdXQgcmFua2VkID0gc2VsZWN0ZWQuaW50b19pdGVyKCkuY29sbGVjdDo6PFZlYzxfPj4oKTsKLSAgICAgICAgcmFua2VkLnNvcnRfYnkofGxlZnQsIHJpZ2h0fCB7Ci0gICAgICAgICAgICByaWdodC4xLmNtcCgmbGVmdC4xKS50aGVuX3dpdGgofHwgbGVmdC4wLmNtcCgmcmlnaHQuMCkpCi0gICAgICAgIH0pOworICAgICAgICByYW5rZWQuc29ydF9ieSh8bGVmdCwgcmlnaHR8IHJpZ2h0LjEuY21wKCZsZWZ0LjEpLnRoZW5fd2l0aCh8fCBsZWZ0LjAuY21wKCZyaWdodC4wKSk7CiAgICAgICAgIHJhbmtlZC50cnVuY2F0ZShzZWxmLnJ1bnRpbWUubWF4aW11bV9hY3RpdmVfbm9kZXMpOwogICAgICAgICBsZXQgYWN0aXZlID0gcmFua2VkLmludG9faXRlcigpLmNvbGxlY3Q6OjxCVHJlZU1hcDxfLCBfPj4oKTsKICAgICAgICAgT2socmF3CmRpZmYgLS1naXQgYS9xdWFsaWZpY2F0aW9uL2hubWYtYWR2ZXJzYXJpYWwtcmVmZXJlbmNlL3NyYy90ZXN0cy5ycyBiL3F1YWxpZmljYXRpb24vaG5tZi1hZHZlcnNhcmlhbC1yZWZlcmVuY2Uvc3JjL3Rlc3RzLnJzCmluZGV4IGJlMGY4YTcuLmU5YjZjMTMgMTAwNjQ0Ci0tLSBhL3F1YWxpZmljYXRpb24vaG5tZi1hZHZlcnNhcmlhbC1yZWZlcmVuY2Uvc3JjL3Rlc3RzLnJzCisrKyBiL3F1YWxpZmljYXRpb24vaG5tZi1hZHZlcnNhcmlhbC1yZWZlcmVuY2Uvc3JjL3Rlc3RzLnJzCkBAIC03NywxMyArNzcsOCBAQCBmbiBldmVudCgKIH0KIAogZm4gZmFicmljKCkgLT4gSGFyZGVuZWRGYWJyaWMgewotICAgIGxldCBtdXQgZmFicmljID0gSGFyZGVuZWRGYWJyaWM6Om5ldygKLSAgICAgICAgNywKLSAgICAgICAgRmFicmljQ29uZmlnOjpkZWZhdWx0KCksCi0gICAgICAgIEhhcmRlbmluZ0NvbmZpZzo6ZGVmYXVsdCgpLAotICAgICkKLSAgICAudW53cmFwKCk7CisgICAgbGV0IG11dCBmYWJyaWMgPQorICAgICAgICBIYXJkZW5lZEZhYnJpYzo6bmV3KDcsIEZhYnJpY0NvbmZpZzo6ZGVmYXVsdCgpLCBIYXJkZW5pbmdDb25maWc6OmRlZmF1bHQoKSkudW53cmFwKCk7CiAgICAgZmFicmljCiAgICAgICAgIC5pbnNlcnRfZXZlbnQoZXZlbnQoCiAgICAgICAgICAgICAxLApAQCAtMzA5LDExICszMDQsMTUgQEAgZm4gcmVjYWxsX3N1Y2Nlc3NfcGFja2V0X2RvZXNfbm90X2NvbnRhaW5faW5hY3RpdmVfcGF0aF9lbmRwb2ludHMKDQogICAgICAgICAuaXRlcigpDQogICAgICAgICAubWFwKHxub2RlfCBub2RlLm5vZGVfaWQpDQogICAgICAgICAuY29sbGVjdDo6PEJUcmVlU2V0PF8+PigpOw0KLSAgICBhc3NlcnQhKHBhY2tldC5wYWNrZXQuYWN0aXZhdGlvbl9wYXRocy5pdGVyKCkuYWxsKHxwYXRofCB7DQotICAgICAgICBhY3RpdmUuY29udGFpbnMoJnBhdGguc291cmNlKSAmJiBhY3RpdmUuY29udGFpbnMoJnBhdGgudGFyZ2V0KQ0KLSAgICB9KSk7DQorICAgIGFzc2VydCEoDQorICAgICAgICBwYWNrZXQNCisgICAgICAgICAgICAucGFja2V0DQorICAgICAgICAgICAgLmFjdGl2YXRpb25fcGF0aHMNCisgICAgICAgICAgICAuaXRlcigpDQorICAgICAgICAgICAgLmFsbCh8cGF0aHwgeyBhY3RpdmUuY29udGFpbnMoJnBhdGguc291cmNlKSAmJiBhY3RpdmUuY29udGFpbnMoJnBhdGgudGFyZ2V0KSB9KQ0KKyAgICApOw0KIH0NCiANCiAjW3Rlc3RdDQpAQCAtMzE4LDEzICszMTcsOCBAQCBmbiBpbnNlcnRpb25fb3JkZXJfaXNfZGV0ZXJtaW5pc3RpYygpIHsNCiAgICAgbGV0IGZpcnN0ID0gZmFicmljKCk7DQotICAgIGxldCBtdXQgc2Vjb25kID0gSGFyZGVuZWRGYWJyaWM6Om5ldygNCi0gICAgICAgIDcsDQotICAgICAgICBGYWJyaWNDb25maWc6OmRlZmF1bHQoKSwNCi0gICAgICAgIEhhcmRlbmluZ0NvbmZpZzo6ZGVmYXVsdCgpLA0KLSAgICApDQotICAgIC51bndyYXAoKTsNCisgICAgbGV0IG11dCBzZWNvbmQgPQ0KKyAgICAgICAgSGFyZGVuZWRGYWJyaWM6Om5ldyg3LCBGYWJyaWNDb25maWc6OmRlZmF1bHQoKSwgSGFyZGVuaW5nQ29uZmlnOjpkZWZhdWx0KCkpLnVud3JhcCgpOw0KICAgICBzZWNvbmQNCiAgICAgICAgIC5pbnNlcnRfZXZlbnQoZXZlbnQoDQogICAgICAgICAgICAgMiwNCmRpZmYgLS1naXQgYS9zY3JpcHRzL2hlcHRhLXJlcG9zaXRvcnktaW50ZWdyaXR5LnB5IGIvc2NyaXB0cy9oZXB0YS1yZXBvc2l0b3J5LWludGVncml0eS5weQppbmRleCAxYWZhZmQyLi44NDFjNzhhIDEwMDc1NQotLS0gYS9zY3JpcHRzL2hlcHRhLXJlcG9zaXRvcnktaW50ZWdyaXR5LnB5CisrKyBiL3NjcmlwdHMvaGVwdGEtcmVwb3NpdG9yeS1pbnRlZ3JpdHkucHkKQEAgLTQyLDEyICs0MiwxMCBAQCBkZWYgY2hlY2tfcmVnaXN0cnlfY29oZXJlbmNlKCkgLT4gTm9uZToKICAgICBtYXJrZG93biA9IHJlZ2lzdHJ5X3BhdGgucmVhZF90ZXh0KGVuY29kaW5nPSJ1dGYtOCIpCiAKICAgICBmb3IgY29tbWFuZCBpbiByZXF1aXJlZDoKLSAgICAgICAgaWYgbm90IGFueSgKLSAgICAgICAgICAgIGlzX2NvbW1hbmQodmFyaWFudCwgc3VwcG9ydGVkKVotICAgICAgICAgICAgZm9yIHZhcmlhbnQgaW4gY29tbWFuZF92YXJpYW50cyhjb21tYW5kKQotICAgICAgICApOgorICAgICAgICBpZiBub3QgYW55KGlzX2NvbW1hbmQodmFyaWFudCwgc3VwcG9ydGVkKSBmb3IgdmFyaWFudCBpbiBjb21tYW5kX3ZhcmlhbnRzKGNvbW1hbmQpKToKICAgICAgICAgICAgIGZhaWwoZlt7bGFiZWx9IH0gbWlzc2VzIGNvbW1hbmQge2NvbW1hbmQhcn0iKQogLSAgICBpZiBub3QgYW55KAotICAgICAgICBpc19jb21tYW5kKHZhcmlhbnQsIG1hcmtkb3duKSBmb3IgdmFyaWFudCBpbiBjb21tYW5kX3ZhcmlhbnRzKGNvbW1hbmQpCi0gICAgKToKKyAgICBpZiBub3QgYW55KGlzX2NvbW1hbmQodmFyaWFudCwgbWFya2Rvd24pIGZvciB2YXJpYW50IGluIGNvbW1hbmRfdmFyaWFudHMoY29tbWFuZCkpOgogICAgICAgIGZhaWwoZlt7bGFiZWx9IH0gUkVBRE1FIG1pc3NlcyBjb21tYW5kIHtjb21tYW5kIXJ9IikKIAogICAgIG5lZWRsZXMgPSAoCkBAIC0xMTksMTcgKzExNywxOSBAQCBkZWYgY2hlY2tfdHJhbnNwb3J0X3BhdGhzKCkgLT4gTm9uZToKICAgICAgICAgZm9yIHBhdHRlcm4gaW4gZm9yYmlkZGVuX3BhdHRlcm5zOgogICAgICAgICAgICAgZmFpbChmIntwYXRoLnBvc2l4KCl9IGNvbnRhaW5zIGZvcmJpZGRlbiB0cmFuc3BvcnQgcGF0dGVybiB7cGF0dGVybiFyfSIpCiAKLSAgICBjYXJyaWVyX3BhdHRlcm5zID0gewotICAgICAgICAiLmdpdGh1Yi93b3JrZmxvd3MvdG1wLWdlbmVyYXRlLWNhcmdvLWxvY2sueW1sIiwKLSAgICAgICAgIi5naXRodWIvd29ya2Zsb3dzL3RtcC1leHBvcnQtaGVwdGEyOTEueW1sIiwKLSAgICB9CisgICAgY2Fycmllcl9wYXR0ZXJucyA9IHsKKyAgICAgICAgUGF0aCgiLmdpdGh1Yi93b3JrZmxvd3MvdG1wLWdlbmVyYXRlLWNhcmdvLWxvY2sueW1sIikuYXNfcG9zaXgoKSwKKyAgICAgICAgUGF0aCgiLmdpdGh1Yi93b3JrZmxvd3MvdG1wLWV4cG9ydC1oZXB0YTI5MS55bWwiKS5hc19wb3NpeCgpLAorICAgIH0KICAgICBmb3IgcGF0aCBpbiBSRVBPLnJnbG9iKCIqIik6CiAgICAgICAgaWYgbm90IHBhdGguaXNfZmlsZSgpOgogICAgICAgICAgICBjb250aW51ZQotICAgICAgICBpZiBwYXRoLnJlbGF0aXZlX3RvKFJFUE8pLmFzX3Bvc2l4KCkgaW4gY2Fycmllcl9wYXR0ZXJuczoKKyAgICAgICAgcmVsYXRpdmVfcGF0aCA9IHBhdGgucmVsYXRpdmVfdG8oUkVQTykuYXNfcG9zaXgoKQorICAgICAgICBpZiByZWxhdGl2ZV9wYXRoIGluIGNhcnJpZXJfcGF0dGVybnM6CiAgICAgICAgICAgIGNvbnRpbnVlCiAgICAgICAgIHRleHQgPSBwYXRoLnJlYWRfdGV4dChlbmNvZGluZz0idXRmLTgiLCBlcnJvcnM9Imlnbm9yZSIKICAgICAgICBmb3IgcGF0dGVybiBpbiBmb3JiaWRkZW5fcGF0dGVybnM6ClBBVENIX0I2NAoK